PyDispatcher 2.0.7 PyDispatcher-2.0.7-py3-none-any.whl sha256=96543bea04115ffde08f851e1d45cacbfd1ee866ac42127d9b476dc5aefa7de0
aiohappyeyeballs 2.7.1 aiohappyeyeballs-2.7.1-py3-none-any.whl sha256=9243213661e29250eb41368e5daa826fc017156c3b8a11440826b2e3ed376472
aiohttp 3.14.3 aiohttp-3.14.3-cp312-cp312-win_amd64.whl sha256=33a2d7c28d33797a2e99923dffa63f83d908a19b6bf26cfe80fa790aa5e1a75a
aiosignal 1.4.0 aiosignal-1.4.0-py3-none-any.whl sha256=053243f8b92b990551949e63930a839ff0cf0b0ebbe0597b0f3fb19e1a0fe82e
annotated_doc 0.0.5 annotated_doc-0.0.5-py3-none-any.whl sha256=117bac03a25ede5df5440e855b32d556049ca169ead221505badf432fed4b101
annotated_types 0.8.0 annotated_types-0.8.0-py3-none-any.whl sha256=f072f4d804ea359e4eaf198b1af7a8b0943881a87f31bb764f8bf219bb9419e0
anyio 4.15.1 anyio-4.15.1-py3-none-any.whl sha256=6152fdbbf9a77fdec97731721bebf7c4c44f7c29b424b0065826173efc7ed101
apscheduler 3.11.3 apscheduler-3.11.3-py3-none-any.whl sha256=bbeb2ec02d23d3c06a6c07ed7f0f3939ada6680eb121fae809a69bb42c537a30
argon2_cffi 25.1.0 argon2_cffi-25.1.0-py3-none-any.whl sha256=fdc8b074db390fccb6eb4a3604ae7231f219aa669a2652e0f20e16ba513d5741
argon2_cffi_bindings 26.1.0 argon2_cffi_bindings-26.1.0-cp310-abi3-win_amd64.whl sha256=2c36ff87b5dfaa477d0bd51e9d7f6abdae7c8955d2983c97419085d842154b3e
attrs 26.1.0 attrs-26.1.0-py3-none-any.whl sha256=c647aa4a12dfbad9333ca4e71fe62ddc36f4e63b2d260a37a8b83d2f043ac309
automat 25.4.16 automat-25.4.16-py3-none-any.whl sha256=04e9bce696a8d5671ee698005af6e5a9fa15354140a87f4870744604dcdd3ba1
babel 2.18.0 babel-2.18.0-py3-none-any.whl sha256=e2b422b277c2b9a9630c1d7903c2a00d0830c409c59ac8cae9081c92f1aeba35
backports_zstd 1.7.0 backports_zstd-1.7.0-cp312-cp312-win_amd64.whl sha256=2ea62ba2f1a6e6c9e6dc108921f9ae881969ca72e073162fa488d0de3eb2713f
beautifulsoup4 4.15.0 beautifulsoup4-4.15.0-py3-none-any.whl sha256=d6f88de62e1d4e38ecb1077eb9724cd0eff29d2a08ca16a401e9b9e93f117cf9
brotli 1.2.0 brotli-1.2.0-cp312-cp312-win_amd64.whl sha256=b35c13ce241abdd44cb8ca70683f20c0c079728a36a996297adb5334adfc1c44
certifi 2026.7.22 certifi-2026.7.22-py3-none-any.whl sha256=62f22742b58a1a33014a2b6b706588a8d7e2a88ae7bd1a6ebe8c992928483775
cffi 2.1.1 cffi-2.1.1-cp312-cp312-win_amd64.whl sha256=f53e442b08449d42821fa4a4fba000095af9f62742a500f978a9f557ec44339a
charset_normalizer 3.5.1 charset_normalizer-3.5.1-cp312-cp312-win_amd64.whl sha256=3617ac3cfd8b9888f145ad89dd6e692285834b0201c6074a5eeaad3fd4d668c2
click 8.5.0 click-8.5.0-py3-none-any.whl sha256=255bc9599cf7748b4b1a446ccc735421bd08a2ae529a8b88597d3de5664ee360
colorama 0.4.6 colorama-0.4.6-py2.py3-none-any.whl sha256=4f1d9991f5acc0ca119f9d443620b77f9d6b33703e51011c16baf57afb285fc6
constantly 23.10.4 constantly-23.10.4-py3-none-any.whl sha256=3fd9b4d1c3dc1ec9757f3c52aef7e53ad9323dbe39f51dfd4c43853b68dfa3f9
courlan 1.4.0 courlan-1.4.0-py3-none-any.whl sha256=ad1dbdefd912ca7238d4607dc855df5df097f56bac175dd662c84eed3802f49e
cryptography 50.0.1 cryptography-50.0.1-cp311-abi3-win_amd64.whl sha256=aed8db4f6d71c51efb89530e12d9464e7bf2923d46c3205dc794a2a93f8c0648
cssselect 1.5.0 cssselect-1.5.0-py3-none-any.whl sha256=1d1aded98e82bdde447ded990a191fd6916177c4f0c914fb62eccd58e2ffcdcc
dateparser 1.4.3 dateparser-1.4.3-py3-none-any.whl sha256=cbce86c64e0cea5c54c84c015d34c903d46c51bfad50632bf2f05a6141d10c05
decorator 5.3.1 decorator-5.3.1-py3-none-any.whl sha256=f47fe6fdbd2edd623ecfe36875d37aba411624e2670dd395dddae1358689bb3c
defusedxml 0.7.1 defusedxml-0.7.1-py2.py3-none-any.whl sha256=a352e7e428770286cc899e2542b6cdaedb2b4953ff269a210103ec58f6198a61
distro 1.9.0 distro-1.9.0-py3-none-any.whl sha256=7bffd925d65168f85027d8da9af6bddab658135b840670a223589bc0c8ef02b2
fastapi 0.141.1 fastapi-0.141.1-py3-none-any.whl sha256=bfb91aa2d334c61cb35ba9a116fc123b3d3df31640b801cf57a7a78ec3f603b3
fastuuid 0.14.0 fastuuid-0.14.0-cp312-cp312-win_amd64.whl sha256=d9e4332dc4ba054434a9594cbfaf7823b57993d7d8e7267831c3e059857cf397
feedparser 6.0.14 feedparser-6.0.14-py3-none-any.whl sha256=e35e3f760151b0c3b22cac9684155cae186a233e16c49bcbc6c49e91e3131137
feedparser_sgmllib 2.1.0 feedparser_sgmllib-2.1.0-py3-none-any.whl sha256=2cab2d43b95a954f920f18aebce7a4dbbb3f539780b127e2aa114f579821e01d
filelock 3.32.5 filelock-3.32.5-py3-none-any.whl sha256=142cd9fa77a872c5e78c62329a0d15278fadc686eb89e760017968961a4fd6b2
firecrawl_anydoc 0.2.4 firecrawl_anydoc-0.2.4-cp310-abi3-win_amd64.whl sha256=7c9ffc81946e6954c124560ed1d395e0103a1a08fdc0f6be382e2f35daf6dbc9
frozenlist 1.8.0 frozenlist-1.8.0-cp312-cp312-win_amd64.whl sha256=34187385b08f866104f0c0617404c8eb08165ab1272e884abc89c112e9c00746
fsspec 2026.7.0 fsspec-2026.7.0-py3-none-any.whl sha256=b57ddbafedfaef7018c1ecab32aa200a9d7ca26b77965f64e48b70061249d279
google 3.0.0 google-3.0.0-py2.py3-none-any.whl sha256=889cf695f84e4ae2c55fbc0cfdaf4c1e729417fa52ab1db0485202ba173e4935
googleapis_common_protos 1.75.3 googleapis_common_protos-1.75.3-py3-none-any.whl sha256=a018d2bf098ca9fb6faa08d5bb780e2a2c2f73c566f069761331386c9596d3f2
grep_ast 0.9.0 grep_ast-0.9.0-py3-none-any.whl sha256=a3973dca99f1abc026a01bbbc70e00a63860c8ff94a56182ff18b089836826d7
grpcio 1.83.1 grpcio-1.83.1-cp312-cp312-win_amd64.whl sha256=583bf2e8255040a4a312f9572dfe62a05271437b149550e1a536d5c47d2d1e8a
h11 0.16.0 h11-0.16.0-py3-none-any.whl sha256=63cf8bbe7522de3bf65932fda1d9c2772064ffb3dae62d55932da54b31cb6c86
hf_xet 1.6.0 hf_xet-1.6.0-cp38-abi3-win_amd64.whl sha256=fb4fadde1b2b70bf4c0c14a6dccbe7194b1c28947fefd5bbe3fed9d940676c3b
htmldate 1.10.0 htmldate-1.10.0-py3-none-any.whl sha256=9211dae35ab94147c8ed9e5fc2c9287a5cf31d2394cb7857e7f5dd814eb2aad6
httpcore 1.0.9 httpcore-1.0.9-py3-none-any.whl sha256=2d400746a40668fc9dec9810239072b40b4484b640a8c38fd654a024c7a1bf55
httpx 0.28.1 httpx-0.28.1-py3-none-any.whl sha256=d909fcccc110f8c7faf814ca82a9a4d816bc5a6dbfea25d6591d6985b8ba59ad
httpx_sse 0.4.3 httpx_sse-0.4.3-py3-none-any.whl sha256=0ac1c9fe3c0afad2e0ebb25a934a59f4c7823b60792691f779fad2c5568830fc
huggingface_hub 1.30.0 huggingface_hub-1.30.0-py3-none-any.whl sha256=96ae0a8e99a234374a6fe43e989ebd21c04640b91ab2927e7e5773ba1131ca59
hyperlink 21.0.0 hyperlink-21.0.0-py2.py3-none-any.whl sha256=e6b14c37ecb73e89c77d78cdb4c2cc8f3fb59a885c5b3f819ff4ed80f25af1b4
idna 3.19 idna-3.19-py3-none-any.whl sha256=815e7be7a7806d54abb586dc943addc79e8b2ee16915059658cbeff4b1b43bf4
importlib_metadata 8.9.0 importlib_metadata-8.9.0-py3-none-any.whl sha256=e0f761b6ea91ced3b0844c14c9d955224d538105921f8e6754c00f6ca79fba7f
incremental 24.11.0 incremental-24.11.0-py3-none-any.whl sha256=a34450716b1c4341fe6676a0598e88a39e04189f4dce5dc96f656e040baa10b3
itemadapter 0.13.1 itemadapter-0.13.1-py3-none-any.whl sha256=f3c6b1babb4fb6cca4aa9061ef0b0c25c783c24a571c30e3667e7bcfea41815b
itemloaders 1.4.0 itemloaders-1.4.0-py3-none-any.whl sha256=202b6f855299b4cadfdf78bb93a6cf977899e3c40c4c54524e120a444e65b5ac
jinja2 3.1.6 jinja2-3.1.6-py3-none-any.whl sha256=85ece4451f492d0c13c5dd7c13a64681a86afae63a5f347908daf103ce6d2f67
jiter 0.16.0 jiter-0.16.0-cp312-cp312-win_amd64.whl sha256=1878349266f8ee36ecb1375cc5ba2f115f35fd9f0a1a4119e725e379126647f7
jmespath 1.1.0 jmespath-1.1.0-py3-none-any.whl sha256=a5663118de4908c91729bea0acadca56526eb2698e83de10cd116ae0f4e97c64
json_repair 0.63.4 json_repair-0.63.4-py3-none-any.whl sha256=0f374f3eee21454aef0a5d72c06b8689b660a1788f80ab392639e3f7d5c5d458
jsonschema 4.26.0 jsonschema-4.26.0-py3-none-any.whl sha256=d489f15263b8d200f8387e64b4c3a75f06629559fb73deb8fdfb525f2dab50ce
jsonschema_specifications 2025.9.1 jsonschema_specifications-2025.9.1-py3-none-any.whl sha256=98802fee3a11ee76ecaca44429fda8a41bff98b00a0f2838151b113f210cc6fe
justext 3.0.2 justext-3.0.2-py2.py3-none-any.whl sha256=62b1c562b15c3c6265e121cc070874243a443bfd53060e869393f09d6b6cc9a7
lark_oapi 1.7.3 lark_oapi-1.7.3-py3-none-any.whl sha256=c91f00087b7977dc9059ab492e8fe435e1a873863dca1d4e660d2be5b801e4cd
litellm 1.91.1 litellm-1.91.1-py3-none-any.whl sha256=bf8e3d23cddf0eb4c05714dffcaafd8a944adf0f9c9b01c6c863b2637309de2e
loguru 0.7.3 loguru-0.7.3-py3-none-any.whl sha256=31a33c10c8e1e10422bfd431aeb5d351c7cf7fa671e3c4df004162264b28220c
lxml 6.1.3 lxml-6.1.3-cp312-cp312-win_amd64.whl sha256=3e9a00d1c2c30936f7add097c41afc5da6556c580909104aafd382cac92a855c
lxml_html_clean 0.4.5 lxml_html_clean-0.4.5-py3-none-any.whl sha256=c76fcadd1e5bfb9b8bafc2200d51e4e78eb0dad67f56881c21dfb6484c7e7746
markdown_it_py 4.2.0 markdown_it_py-4.2.0-py3-none-any.whl sha256=9f7ebbcd14fe59494226453aed97c1070d83f8d24b6fc3a3bcf9a38092641c4a
markupsafe 3.0.3 markupsafe-3.0.3-cp312-cp312-win_amd64.whl sha256=26a5784ded40c9e318cfc2bdb30fe164bdb8665ded9cd64d500a34fb42067b1c
mcp 1.29.1 mcp-1.29.1-py3-none-any.whl sha256=b6310eeb59153300c4ab8b9aec4c52f4819a2d6a8e429eb43d908bed7c783648
mdurl 0.1.2 mdurl-0.1.2-py3-none-any.whl sha256=84008a41e51615a49fc9966191ff91509e3c40b939176e643fd50a5c2196b8f8
multidict 6.7.1 multidict-6.7.1-cp312-cp312-win_amd64.whl sha256=fcee94dfbd638784645b066074b338bc9cc155d4b4bffa4adce1615c5a426c19
openai 2.54.0 openai-2.54.0-py3-none-any.whl sha256=89089789197ccdb87f173a03145ed1598d00795220c93e96cf712b1cbf5e5f2b
opentelemetry_api 1.44.0 opentelemetry_api-1.44.0-py3-none-any.whl sha256=94b98c893a91b88657eaac1e3ba89618cdb85be6918196705354f34728b2cdef
opentelemetry_exporter_otlp_proto_common 1.44.0 opentelemetry_exporter_otlp_proto_common-1.44.0-py3-none-any.whl sha256=9a9fe61bba73d802904bc989f1d6b4a7b1ee40f06c40e98d6f85af65aaebb694
opentelemetry_exporter_otlp_proto_grpc 1.44.0 opentelemetry_exporter_otlp_proto_grpc-1.44.0-py3-none-any.whl sha256=6a1a645ea182a2f59440c51fa8301d309f3324a8f9d65f8395584b064b67ee4e
opentelemetry_exporter_otlp_proto_http 1.44.0 opentelemetry_exporter_otlp_proto_http-1.44.0-py3-none-any.whl sha256=838592fce774c1c8bb7b9a0a7facbfa82e17be5a8a4e94cef10cb84ae026bae3
opentelemetry_instrumentation 0.65b0 opentelemetry_instrumentation-0.65b0-py3-none-any.whl sha256=ea967a72b9939b5fcfdad572753b4306c59dcb99e3f382d95dae04286805e137
opentelemetry_instrumentation_asyncio 0.65b0 opentelemetry_instrumentation_asyncio-0.65b0-py3-none-any.whl sha256=de3e543eb12304be34cebae6df3ec6b0240ffd7b01d177f6a27081585a46878c
opentelemetry_proto 1.44.0 opentelemetry_proto-1.44.0-py3-none-any.whl sha256=898b155a0e1557afd867478fb6158e8122a46329ca0bb8dc53cc55e98f017f56
opentelemetry_sdk 1.44.0 opentelemetry_sdk-1.44.0-py3-none-any.whl sha256=df081c4c6bcfdb1211e3e86140376792643128a25f8d72d1d27675936e7e96ad
opentelemetry_semantic_conventions 0.65b0 opentelemetry_semantic_conventions-0.65b0-py3-none-any.whl sha256=1cacde7b0ad306f84c5ef08c3dbe1bbaf20165bba6f8bff43b670e555a086bcb
openviking 0.4.17.1 openviking-0.4.17.1-cp310-abi3-win_amd64.whl sha256=b05e5cdfb99efdeab529bfcc02c6ea5e256d95e57cbce2e940e7b7b21e036772
openviking_sdk 0.1.9 openviking_sdk-0.1.9-py3-none-any.whl sha256=6057f3ab921cee4697a7b424948347669cb7b8e04439f305503d8ab7132af3ce
packaging 26.3 packaging-26.3-py3-none-any.whl sha256=d7193f7c8e4e93f444fde0262bf90af30e16fa0ad0ad44cb553c87339b23cd1c
parsel 1.11.0 parsel-1.11.0-py3-none-any.whl sha256=bda82575df1774dd64e1c1396163f3cadb3e383e0f8080d43d45fa6705355daa
pathspec 1.1.1 pathspec-1.1.1-py3-none-any.whl sha256=a00ce642f577bf7f473932318056212bc4f8bfdf53128c78bbd5af0b9b20b189
pdfminer_six 20260107 pdfminer_six-20260107-py3-none-any.whl sha256=366585ba97e80dffa8f00cebe303d2f381884d8637af4ce422f1df3ef38111a9
pdfplumber 0.11.10 pdfplumber-0.11.10-py3-none-any.whl sha256=7741ea81bf165b474b153e6789d10d18e06b6ddcf3ec84289c3ef2fed6802580
pillow 12.3.0 pillow-12.3.0-cp312-cp312-win_amd64.whl sha256=a2b55dd6b2a4c4b7d87ffa56bdb33fdc5fdb9a462173861a7bc097f17d91cb09
propcache 0.5.2 propcache-0.5.2-cp312-cp312-win_amd64.whl sha256=d9ee8826a7d47863a08ac44e1a5f611a462eefc3a194b492da242128bec75b42
protego 0.6.2 protego-0.6.2-py3-none-any.whl sha256=714de21d82527c9be900066c3211b266985dd6a19b6e70c57e033fc1a589f3ff
protobuf 7.36.1 protobuf-7.36.1-cp310-abi3-win_amd64.whl sha256=51139351435d9b43d88a55eaa49fb6f737fbb478fb0cbf2cf694d1a04a9d3363
py 1.11.0 py-1.11.0-py2.py3-none-any.whl sha256=607c53218732647dff4acdfcd50cb62615cedf612e72d1724fb1a0cc6405b378
pycparser 3.0 pycparser-3.0-py3-none-any.whl sha256=b727414169a36b7d524c1c3e31839a521725078d7b2ff038656844266160a992
pycryptodome 3.23.0 pycryptodome-3.23.0-cp37-abi3-win_amd64.whl sha256=c75b52aacc6c0c260f204cbdd834f76edc9fb0d8e0da9fbf8352ef58202564e2
pydantic 2.13.5 pydantic-2.13.5-py3-none-any.whl sha256=346a034f080da3755d8e9cb5e00e8b07de1d39e4f6e2c87d8ab7cafa0b269a73
pydantic_core 2.46.5 pydantic_core-2.46.5-cp312-cp312-win_amd64.whl sha256=5e81740c09e310f5aa5cbd3e434a01c154d4bef93241c7877b39f211d2b78ba8
pydantic_settings 2.15.0 pydantic_settings-2.15.0-py3-none-any.whl sha256=0ba092c291c94baceb5eff768aa0d56400a457585bc0175925a5a5510303da42
pygments 2.21.0 pygments-2.21.0-py3-none-any.whl sha256=2363c69b61c4a97c838da3b130dcd6468f4848992b21a82f2a63ec34377137d9
pyjwt 2.13.0 pyjwt-2.13.0-py3-none-any.whl sha256=66adcc2aff09b3f1bbd95fc1e1577df8ac8723c978552fd43304c8a290ac5728
pyopenssl 26.4.0 pyopenssl-26.4.0-py3-none-any.whl sha256=f0eb0cb2d581d3ad2b9c489468485e7f2ab6727d08401bcf9d824c3caddf3c1c
pypdfium2 5.13.0 pypdfium2-5.13.0-py3-none-win_amd64.whl sha256=47dcca2a8d507b5fd24f94c3c9d48fb379430f097bc20f01beff6c963ffbcedb
python_dateutil 2.9.0.post0 python_dateutil-2.9.0.post0-py2.py3-none-any.whl sha256=a8b2bc7bffae282281c8140a97d3aa9c14da0b136dfe83f850eea9a5f7470427
python_dotenv 1.2.3 python_dotenv-1.2.3-py3-none-any.whl sha256=904552145e8bfed22162c09dab1c2b9b54fefa7b23ba780f4f26ca0316b0f0d9
python_multipart 0.0.32 python_multipart-0.0.32-py3-none-any.whl sha256=ff6d3f776f16878c894e52e107296ffc890e913c611b1a4ec6c44e2821fe2e23
pytz 2026.3.post1 pytz-2026.3.post1-py2.py3-none-any.whl sha256=dd95840dd199baea12d9cc096a1d452caa6596a1c1e4b5f3dbd1541855d5e815
pywin32 312 pywin32-312-cp312-cp312-win_amd64.whl sha256=b457f6d628a47e8a7346ce22acb7e1a46a4a78b52e1d17e1af56871bd19a93bc
pyyaml 6.0.3 pyyaml-6.0.3-cp312-cp312-win_amd64.whl sha256=5fcd34e47f6e0b794d17de1b4ff496c00986e1c83f7ab2fb8fcfe9616ff7477b
queuelib 1.10.0 queuelib-1.10.0-py3-none-any.whl sha256=257936b7202d12325c80ad79e254c59e2cd3533704ae6dffb567b1a0b309ae5e
referencing 0.37.0 referencing-0.37.0-py3-none-any.whl sha256=381329a9f99628c9069361716891d34ad94af76e461dcb0335825aecc7692231
regex 2026.9.3 regex-2026.9.3-cp312-cp312-win_amd64.whl sha256=1ba1dbbb93c5c5629c1861763aec5bfa9f05ad24ef450694130e25029ce7bc36
requests 2.34.2 requests-2.34.2-py3-none-any.whl sha256=2a0d60c172f83ac6ab31e4554906c0f3b3588d37b5cb939b1c061f4907e278e0
requests_file 3.0.1 requests_file-3.0.1-py2.py3-none-any.whl sha256=d0f5eb94353986d998f80ac63c7f146a307728be051d4d1cd390dbdb59c10fa2
requests_toolbelt 1.0.0 requests_toolbelt-1.0.0-py2.py3-none-any.whl sha256=cccfdd665f0a24fcf4726e690f65639d272bb0637b9b92dfd91a5568ccf6bd06
retry 0.9.2 retry-0.9.2-py2.py3-none-any.whl sha256=ccddf89761fa2c726ab29391837d4327f819ea14d244c232a1d24c67a2f98606
rich 15.0.0 rich-15.0.0-py3-none-any.whl sha256=33bd4ef74232fb73fe9279a257718407f169c09b78a87ad3d296f548e27de0bb
rpds_py 2026.6.3 rpds_py-2026.6.3-cp312-cp312-win_amd64.whl sha256=2c958bf94822e9290a40aaf2a822d4bc5c88099093e3948ad6c571eca9272e5f
scrapy 2.18.0 scrapy-2.18.0-py3-none-any.whl sha256=7cd2eaa6fb013247ca259fd4cad75208a2b37cd65fbdd3a6c3fbc75cdf61f3d9
service_identity 26.1.0 service_identity-26.1.0-py3-none-any.whl sha256=68c32dadbb69135fb951077677e07cd7f6031020f3a8c8f47a28cda8a0742118
shellingham 1.5.4 shellingham-1.5.4-py2.py3-none-any.whl sha256=7ecfff8f2fd72616f7481040475a65b2bf8af90a56c89140852d1120324e8686
six 1.17.0 six-1.17.0-py2.py3-none-any.whl sha256=4721f391ed90541fddacab5acf947aa0d3dc7d27b2e1e8eda2be8970586c3274
sniffio 1.3.1 sniffio-1.3.1-py3-none-any.whl sha256=2f6da418d1f1e0fddd844478f41680e794e6051915791a034ff65e5f100525a2
soupsieve 2.9.2 soupsieve-2.9.2-py3-none-any.whl sha256=8089a26fd974ca7a1f30276d3d8492ab266ab15af581642dfe8aa162e0c1c823
sse_starlette 3.4.11 sse_starlette-3.4.11-py3-none-any.whl sha256=c7b2244bdff016fe7f64e10075e89a3e6bbf899649cc89b0fe884b5545042453
starlette 1.6.0 starlette-1.6.0-py3-none-any.whl sha256=a86dd39d14bb45f85a3d18525215a9ef0cfd1f192ac793220e72598c90335f0c
tabulate 0.10.0 tabulate-0.10.0-py3-none-any.whl sha256=f0b0622e567335c8fabaaa659f1b33bcb6ddfe2e496071b743aa113f8774f2d3
tenacity 9.1.4 tenacity-9.1.4-py3-none-any.whl sha256=6095a360c919085f28c6527de529e76a06ad89b23659fa881ae0649b867a9d55
tiktoken 0.14.0 tiktoken-0.14.0-cp312-cp312-win_amd64.whl sha256=087538c080e5ff421abd3a0785ed63c5111d06af98e6cd0d374dbe5969147ca3
tld 0.13.2 tld-0.13.2-py2.py3-none-any.whl sha256=9b8fdbdb880e7ba65b216a4937f2c94c49a7226723783d5838fc958ac76f4e0c
tldextract 5.3.2 tldextract-5.3.2-py3-none-any.whl sha256=6c90d2a259f5c89f4fcf01f97af15708416a59ffedddff006d67222ab30d0fb0
tokenizers 0.23.2 tokenizers-0.23.2-cp310-abi3-win_amd64.whl sha256=2e96f5699d5249c9c64aa8412e044f727aae3a4098cf830f9901ec1afc361cde
tqdm 4.70.0 tqdm-4.70.0-py3-none-any.whl sha256=7f585706bfddbdebf89daac705b2dfcc16890130727d3197ca62c732b4310953
trafilatura 2.2.0 trafilatura-2.2.0-py3-none-any.whl sha256=ac43592a6201264dfc4f9c361cbe3eb3fea96e54437010a159d5e7365360ed98
tree_sitter 0.26.0 tree_sitter-0.26.0-cp312-cp312-win_amd64.whl sha256=ca89e361a276dbc934b28a43dd881199e25d34ff5493ee0ce45f3c52a6124a37
tree_sitter_c_sharp 0.23.5 tree_sitter_c_sharp-0.23.5-cp310-abi3-win_amd64.whl sha256=41a28cfa3d9ea50f5629e44550a03188c8fbd5079803dfc03554b6fd594b33fa
tree_sitter_cpp 0.23.4 tree_sitter_cpp-0.23.4-cp39-abi3-win_amd64.whl sha256=68606a45bea92669d155399e1239f771a7767d8683cd8f8e30e7d813107030ca
tree_sitter_go 0.25.0 tree_sitter_go-0.25.0-cp310-abi3-win_amd64.whl sha256=30d4ada57a223dfc2c32d942f44d284d40f3d1215ddcf108f96807fd36d53022
tree_sitter_java 0.23.5 tree_sitter_java-0.23.5-cp39-abi3-win_amd64.whl sha256=1ee45e790f8d31d416bc84a09dac2e2c6bc343e89b8a2e1d550513498eedfde7
tree_sitter_javascript 0.25.0 tree_sitter_javascript-0.25.0-cp310-abi3-win_amd64.whl sha256=e5ed840f5bd4a3f0272e441d19429b26eedc257abe5574c8546da6b556865e3c
tree_sitter_language_pack 1.16.2 tree_sitter_language_pack-1.16.2-cp310-abi3-win_amd64.whl sha256=ba8791e7474c0fc4d661f1abebeee39dd8092039e3f11b294e0f2198bc790728
tree_sitter_lua 0.5.0 tree_sitter_lua-0.5.0-cp310-abi3-win_amd64.whl sha256=ace3dd61218124ee08410a55601cb5fbbb00be3ee004b30e705cef9ef25165a9
tree_sitter_php 0.24.1 tree_sitter_php-0.24.1-cp310-abi3-win_amd64.whl sha256=1a1b65b72a8410d421f914ee13d38fd546a94d01cb834f69b27c78ba7589a5b5
tree_sitter_python 0.25.0 tree_sitter_python-0.25.0-cp310-abi3-win_amd64.whl sha256=9bcde33f18792de54ee579b00e1b4fe186b7926825444766f849bf7181793a76
tree_sitter_rust 0.24.2 tree_sitter_rust-0.24.2-cp39-abi3-win_amd64.whl sha256=4529c125d928882ddfb879fdc6bc0704913261ecc078b6fa7902559e0daf200d
tree_sitter_typescript 0.23.2 tree_sitter_typescript-0.23.2-cp39-abi3-win_amd64.whl sha256=3f730b66396bc3e11811e4465c41ee45d9e9edd6de355a58bbbc49fa770da8f9
twisted 26.4.0 twisted-26.4.0-py3-none-any.whl sha256=dc25ea0ebf6511c24f03232ee9f4afa54b291c5d897990e3a39cc4d14a1ef4c0
typer 0.27.2 typer-0.27.2-py3-none-any.whl sha256=b3a5fc4342d5fc8fda8fc3010b1cf117e9249aab7fae800c2eff62fd3842d97d
typing_extensions 4.16.0 typing_extensions-4.16.0-py3-none-any.whl sha256=481caa481374e813c1b176ada14e97f1f67a4539ce9cfeb3f350d78d6370c2e8
typing_inspection 0.4.4 typing_inspection-0.4.4-py3-none-any.whl sha256=65b8397ba37ccbce054456aaccddfc91e6e3083c92824df348d96ca832f3f147
tzdata 2026.3 tzdata-2026.3-py2.py3-none-any.whl sha256=dc096730c87af6cab1b171c9d532be840741ff5d459015e7f6947bd7d7e54931
tzlocal 5.4.4 tzlocal-5.4.4-py3-none-any.whl sha256=aae09f0126a8a86fa736be266eb4a471380d26a0de3bc14844e7821fee3e2a15
urllib3 2.7.0 urllib3-2.7.0-py3-none-any.whl sha256=9fb4c81ebbb1ce9531cce37674bbc6f1360472bc18ca9a553ede278ef7276897
uvicorn 0.52.4 uvicorn-0.52.4-py3-none-any.whl sha256=f86e41a149d7d05a9969337e3946a9c171c06a5d42680896daaba624aeac8da1
volcengine 1.0.228 volcengine-1.0.228-py3-none-any.whl sha256=e1f09cff11123a922dea6eb530de5359021050b02ccfdbe1e8c316f498e7e5a7
volcengine_python_sdk 5.0.48 volcengine_python_sdk-5.0.48-py2.py3-none-any.whl sha256=05c15f9138e016e479cdf29971d1e5fedbb9e8f4378930c68e2a9622d087995c
w3lib 2.4.1 w3lib-2.4.1-py3-none-any.whl sha256=40930132907e68de906a5b89331ab8c8ff4f01bd35b5539ef7896017d814138d
websockets 15.0.1 websockets-15.0.1-cp312-cp312-win_amd64.whl sha256=fcd5cf9e305d7b8338754470cf69cf81f420459dbae8a3b40cee57417f4614a7
win32_setctime 1.2.0 win32_setctime-1.2.0-py3-none-any.whl sha256=95d644c4e708aba81dc3704a116d8cbc974d70b3bdb8be1d150e36be6e9d1390
wrapt 2.4.0 wrapt-2.4.0-cp312-cp312-win_amd64.whl sha256=8b464316489fb2fca0669ea0f8f07290054a0f26fc72982d3e4cf95469628ba9
xxhash 4.0.1 xxhash-4.0.1-cp312-cp312-win_amd64.whl sha256=5c2d525a3afabcd8e3549d85fc7e111fde6bc302d06a1893fe73adb79823415e
yarl 1.24.5 yarl-1.24.5-cp312-cp312-win_amd64.whl sha256=a929d878fec099030c292803b31e5d5540a7b6a31e6a3cc76cb4685fc2a2f51b
zipp 4.1.0 zipp-4.1.0-py3-none-any.whl sha256=25ad4e16390cd314347dd8f1de67a2ac538ae658ed4ab9db16029c07c188e97f
zope_interface 8.6 zope_interface-8.6-cp312-cp312-win_amd64.whl sha256=64ed939d725876071823505b1c90074a86847a6e9be8617cec7ba759e0b86a7e
uv 0.11.26 uv.exe sha256=deeaa21aac3e3e40b3fa00788208aa9a319cefbb3c2aa598cf580565a82ebc34
